
Microsoft Visual Studio Solution File, Format Version 12.00
# Visual Studio 14
VisualStudioVersion = 14.0.25420.1
MinimumVisualStudioVersion = 10.0.40219.1
Project("{FAE04EC0-301F-11D3-BF4B-00C04F79EFBC}") = "SyntaxHighlighter_Word_AddIn", "SyntaxHighlighter_Word_AddIn\SyntaxHighlighter_Word_AddIn.csproj", "{80434D18-B390-427D-B676-088BD12A80EF}"
EndProject
Project("{FAE04EC0-301F-11D3-BF4B-00C04F79EFBC}") = "SyntaxHighlighter_PowerPoint_AddIn", "SyntaxHighlighter_PowerPoint_AddIn\SyntaxHighlighter_PowerPoint_AddIn.csproj", "{16704929-DEFF-4726-9AE5-0CD5A410C1B7}"
EndProject
Global
	GlobalSection(SolutionConfigurationPlatforms) = preSolution
		Debug|Any CPU = Debug|Any CPU
		Release|Any CPU = Release|Any CPU
	EndGlobalSection
	GlobalSection(ProjectConfigurationPlatforms) = postSolution
		{80434D18-B390-427D-B676-088BD12A80EF}.Debug|Any CPU.ActiveCfg = Debug|Any CPU
		{80434D18-B390-427D-B676-088BD12A80EF}.Debug|Any CPU.Build.0 = Debug|Any CPU
		{80434D18-B390-427D-B676-088BD12A80EF}.Release|Any CPU.ActiveCfg = Release|Any CPU
		{80434D18-B390-427D-B676-088BD12A80EF}.Release|Any CPU.Build.0 = Release|Any CPU
		{16704929-DEFF-4726-9AE5-0CD5A410C1B7}.Debug|Any CPU.ActiveCfg = Debug|Any CPU
		{16704929-DEFF-4726-9AE5-0CD5A410C1B7}.Debug|Any CPU.Build.0 = Debug|Any CPU
		{16704929-DEFF-4726-9AE5-0CD5A410C1B7}.Release|Any CPU.ActiveCfg = Release|Any CPU
		{16704929-DEFF-4726-9AE5-0CD5A410C1B7}.Release|Any CPU.Build.0 = Release|Any CPU
	EndGlobalSection
	GlobalSection(SolutionProperties) = preSolution
		HideSolutionNode = FALSE
	EndGlobalSection
EndGlobal
